<?xml version="1.0" encoding="utf-8"?>
<Project ToolsVersion="12.0" xmlns="http://schemas.microsoft.com/developer/msbuild/2003">
  <ItemGroup>
    <Filter Include="DSPFilterUI">
      <UniqueIdentifier>{C975905C-576C-3CD2-2707-59195313C458}</UniqueIdentifier>
    </Filter>
    <Filter Include="DSPFilterUI\Source">
      <UniqueIdentifier>{1DC629EA-5E32-AC74-1FF1-DD5A45FCA043}</UniqueIdentifier>
    </Filter>
  </ItemGroup>
  <ItemGroup>
    <ClCompile Include="..\..\Source\Config.cpp">
      <Filter>DSPFilterUI</Filter>
    </ClCompile>
    <ClCompile Include="..\..\Source\MainPanel.cpp">
      <Filter>DSPFilterUI</Filter>
    </ClCompile>
    <ClCompile Include="..\..\Source\MainWindow.cpp">
      <Filter>DSPFilterUI</Filter>
    </ClCompile>
  </ItemGroup>
  <ItemGroup>
    <ClInclude Include="..\..\Source\Common.h">
      <Filter>DSPFilterUI</Filter>
    </ClInclude>
    <ClInclude Include="..\..\Source\Config.h">
      <Filter>DSPFilterUI</Filter>
    </ClInclude>
    <ClInclude Include="..\..\Source\MainPanel.h">
      <Filter>DSPFilterUI</Filter>
    </ClInclude>
    <ClInclude Include="..\..\Source\MainWindow.h">
      <Filter>DSPFilterUI</Filter>
    </ClInclude>
  </ItemGroup>
</Project>